// !$*UTF8*$!
{
	archiveVersion = 1;
	classes = {
	};
	objectVersion = 77;
	objects = {

/* Begin PBXBuildFile section */
		0605B3BFFF88497A92534758 /* ActivityMonitorExtension.appex in Embed Foundation Extensions */ = {isa = PBXBuildFile; fileRef = 84457EAD9B9F41CDA5B58B4E /* ActivityMonitorExtension.appex */; settings = {ATTRIBUTES = (RemoveHeadersOnCopy, ); }; };
		13B07FBC1A68108700A75B9A /* AppDelegate.mm in Sources */ = {isa = PBXBuildFile; fileRef = 13B07FB01A68108700A75B9A /* AppDelegate.mm */; };
		13B07FBF1A68108700A75B9A /* Images.xcassets in Resources */ = {isa = PBXBuildFile; fileRef = 13B07FB51A68108700A75B9A /* Images.xcassets */; };
		13B07FC11A68108700A75B9A /* main.m in Sources */ = {isa = PBXBuildFile; fileRef = 13B07FB71A68108700A75B9A /* main.m */; };
		24076609638B40C29AD3691D /* generated.entitlements in Sources */ = {isa = PBXBuildFile; fileRef = 2A3C8096FCD54C04AD745FB6 /* generated.entitlements */; };
		35FEA156B28F4E06B56A39C6 /* DeviceActivity.framework in Frameworks */ = {isa = PBXBuildFile; fileRef = E01EDC40AAA54847A43C3F99 /* DeviceActivity.framework */; };
		3E461D99554A48A4959DE609 /* SplashScreen.storyboard in Resources */ = {isa = PBXBuildFile; fileRef = AA286B85B6C04FC6940260E9 /* SplashScreen.storyboard */; };
		3EC70A358F3D42C69DFBA42F /* generated.entitlements in Sources */ = {isa = PBXBuildFile; fileRef = 98E197012252434F88CCEEB4 /* generated.entitlements */; };
		588D2F5C6FA8454AA654A3C3 /* ShieldAction.appex in Embed Foundation Extensions */ = {isa = PBXBuildFile; fileRef = 55BEF032CC20441DA94ED74D /* ShieldAction.appex */; settings = {ATTRIBUTES = (RemoveHeadersOnCopy, ); }; };
		7196272736B8369F7352BB3C /* PrivacyInfo.xcprivacy in Resources */ = {isa = PBXBuildFile; fileRef = 86C617632690A9F3C5D768FE /* PrivacyInfo.xcprivacy */; };
		96905EF65AED1B983A6B3ABC /* libPods-reactnativedeviceactivityexample.a in Frameworks */ = {isa = PBXBuildFile; fileRef = 58EEBF8E8E6FB1BC6CAF49B5 /* libPods-reactnativedeviceactivityexample.a */; };
		984C7C2718574054BF6481E3 /* generated.entitlements in Sources */ = {isa = PBXBuildFile; fileRef = 630F9328E9134A4D9F0874A2 /* generated.entitlements */; };
		A9A0307C2CFF148E00D9E7E8 /* Shared.swift in Sources */ = {isa = PBXBuildFile; fileRef = A9B2DBE72CECAE610001BBAF /* Shared.swift */; };
		A9B2DBE82CECAE610001BBAF /* Shared.swift in Sources */ = {isa = PBXBuildFile; fileRef = A9B2DBE72CECAE610001BBAF /* Shared.swift */; };
		A9B2DBE92CECAE610001BBAF /* Shared.swift in Sources */ = {isa = PBXBuildFile; fileRef = A9B2DBE72CECAE610001BBAF /* Shared.swift */; };
		A9B2DBEA2CECAE610001BBAF /* Shared.swift in Sources */ = {isa = PBXBuildFile; fileRef = A9B2DBE72CECAE610001BBAF /* Shared.swift */; };
		A9B2DC002CECB91A0001BBAF /* DeviceActivityMonitorExtension.swift in Sources */ = {isa = PBXBuildFile; fileRef = A9B2DBFF2CECB91A0001BBAF /* DeviceActivityMonitorExtension.swift */; };
		A9B2DC022CECB9430001BBAF /* ShieldConfigurationExtension.swift in Sources */ = {isa = PBXBuildFile; fileRef = A9B2DC012CECB9430001BBAF /* ShieldConfigurationExtension.swift */; };
		A9B2DC042CECB9600001BBAF /* ShieldActionExtension.swift in Sources */ = {isa = PBXBuildFile; fileRef = A9B2DC032CECB9600001BBAF /* ShieldActionExtension.swift */; };
		B18059E884C0ABDD17F3DC3D /* ExpoModulesProvider.swift in Sources */ = {isa = PBXBuildFile; fileRef = FAC715A2D49A985799AEE119 /* ExpoModulesProvider.swift */; };
		BB2F792D24A3F905000567C9 /* Expo.plist in Resources */ = {isa = PBXBuildFile; fileRef = BB2F792C24A3F905000567C9 /* Expo.plist */; };
		D4B3EB83B4EF427D8D8F7E6C /* ManagedSettingsUI.framework in Frameworks */ = {isa = PBXBuildFile; fileRef = 1413C6DF9E3E4F8795DD1144 /* ManagedSettingsUI.framework */; };
		DA41F741593849B68655A75F /* noop-file.swift in Sources */ = {isa = PBXBuildFile; fileRef = C10474BDB8DC49849F0DAB7D /* noop-file.swift */; };
		FC38F5A2C4C54BAFA2ADD8F5 /* ShieldConfiguration.appex in Embed Foundation Extensions */ = {isa = PBXBuildFile; fileRef = EEEB0A38EA724033BF060181 /* ShieldConfiguration.appex */; settings = {ATTRIBUTES = (RemoveHeadersOnCopy, ); }; };
		XX44FC18D28196FBCB6075XX /* ManagedSettingsUI.framework in Frameworks */ = {isa = PBXBuildFile; fileRef = XXB6D82409997898620841XX /* ManagedSettingsUI.framework */; };
		XXD33E402502F114432AD3XX /* DeviceActivity.framework in Frameworks */ = {isa = PBXBuildFile; fileRef = XXCA68A9416C78B970D1D9XX /* DeviceActivity.framework */; };
/* End PBXBuildFile section */

/* Begin PBXContainerItemProxy section */
		5D1C8FF46BDD49A6AC94395D /* PBXContainerItemProxy */ = {
			isa = PBXContainerItemProxy;
			containerPortal = 83CBB9F71A601CBA00E9B192 /* Project object */;
			proxyType = 1;
			remoteGlobalIDString = 1B33B275DB45484EAECB1B1B;
			remoteInfo = ShieldConfiguration;
		};
		A9A030752CFF142000D9E7E8 /* PBXContainerItemProxy */ = {
			isa = PBXContainerItemProxy;
			containerPortal = 83CBB9F71A601CBA00E9B192 /* Project object */;
			proxyType = 1;
			remoteGlobalIDString = 13B07F861A680F5B00A75B9A;
			remoteInfo = reactnativedeviceactivityexample;
		};
		B8AF53079E4145D686123C11 /* PBXContainerItemProxy */ = {
			isa = PBXContainerItemProxy;
			containerPortal = 83CBB9F71A601CBA00E9B192 /* Project object */;
			proxyType = 1;
			remoteGlobalIDString = 09AF28B634D54463AF9E2548;
			remoteInfo = ShieldAction;
		};
		C6D619B1FE3F43EEBE3A40C2 /* PBXContainerItemProxy */ = {
			isa = PBXContainerItemProxy;
			containerPortal = 83CBB9F71A601CBA00E9B192 /* Project object */;
			proxyType = 1;
			remoteGlobalIDString = B020639A1E02498DA97B7121;
			remoteInfo = ActivityMonitorExtension;
		};
/* End PBXContainerItemProxy section */

/* Begin PBXCopyFilesBuildPhase section */
		3DB52EB52D2348B6B33DCF43 /* Embed Foundation Extensions */ = {
			isa = PBXCopyFilesBuildPhase;
			buildActionMask = 2147483647;
			dstPath = "";
			dstSubfolderSpec = 13;
			files = (
				FC38F5A2C4C54BAFA2ADD8F5 /* ShieldConfiguration.appex in Embed Foundation Extensions */,
				588D2F5C6FA8454AA654A3C3 /* ShieldAction.appex in Embed Foundation Extensions */,
				0605B3BFFF88497A92534758 /* ActivityMonitorExtension.appex in Embed Foundation Extensions */,
			);
			name = "Embed Foundation Extensions";
			runOnlyForDeploymentPostprocessing = 0;
		};
/* End PBXCopyFilesBuildPhase section */

/* Begin PBXFileReference section */
		10F48954B51344E7AF350E1B /* Info.plist */ = {isa = PBXFileReference; fileEncoding = 4; includeInIndex = 0; lastKnownFileType = text.plist.xml; path = Info.plist; sourceTree = "<group>"; };
		13B07F961A680F5B00A75B9A /* reactnativedeviceactivityexample.app */ = {isa = PBXFileReference; explicitFileType = wrapper.application; fileEncoding = 4; includeInIndex = 0; path = reactnativedeviceactivityexample.app; sourceTree = BUILT_PRODUCTS_DIR; };
		13B07FAF1A68108700A75B9A /* AppDelegate.h */ = {isa = PBXFileReference; fileEncoding = 4; includeInIndex = 0; lastKnownFileType = sourcecode.c.h; name = AppDelegate.h; path = reactnativedeviceactivityexample/AppDelegate.h; sourceTree = "<group>"; };
		13B07FB01A68108700A75B9A /* AppDelegate.mm */ = {isa = PBXFileReference; fileEncoding = 4; includeInIndex = 0; lastKnownFileType = sourcecode.cpp.objcpp; name = AppDelegate.mm; path = reactnativedeviceactivityexample/AppDelegate.mm; sourceTree = "<group>"; };
		13B07FB51A68108700A75B9A /* Images.xcassets */ = {isa = PBXFileReference; fileEncoding = 4; includeInIndex = 0; lastKnownFileType = folder.assetcatalog; name = Images.xcassets; path = reactnativedeviceactivityexample/Images.xcassets; sourceTree = "<group>"; };
		13B07FB61A68108700A75B9A /* Info.plist */ = {isa = PBXFileReference; fileEncoding = 4; includeInIndex = 0; lastKnownFileType = text.plist.xml; name = Info.plist; path = reactnativedeviceactivityexample/Info.plist; sourceTree = "<group>"; };
		13B07FB71A68108700A75B9A /* main.m */ = {isa = PBXFileReference; fileEncoding = 4; includeInIndex = 0; lastKnownFileType = sourcecode.c.objc; name = main.m; path = reactnativedeviceactivityexample/main.m; sourceTree = "<group>"; };
		1413C6DF9E3E4F8795DD1144 /* ManagedSettingsUI.framework */ = {isa = PBXFileReference; explicitFileType = wrapper.framework; fileEncoding = 4; includeInIndex = 1; name = ManagedSettingsUI.framework; path = System/Library/Frameworks/ManagedSettingsUI.framework; sourceTree = SDKROOT; };
		22B2DFD666844CC6A73BAB9B /* Info.plist */ = {isa = PBXFileReference; fileEncoding = 4; includeInIndex = 0; lastKnownFileType = text.plist.xml; path = Info.plist; sourceTree = "<group>"; };
		2A3C8096FCD54C04AD745FB6 /* generated.entitlements */ = {isa = PBXFileReference; explicitFileType = text.plist.entitlements; fileEncoding = 4; includeInIndex = 0; path = generated.entitlements; sourceTree = "<group>"; };
		55BEF032CC20441DA94ED74D /* ShieldAction.appex */ = {isa = PBXFileReference; explicitFileType = "wrapper.app-extension"; fileEncoding = 4; includeInIndex = 0; path = ShieldAction.appex; sourceTree = BUILT_PRODUCTS_DIR; };
		58EEBF8E8E6FB1BC6CAF49B5 /* libPods-reactnativedeviceactivityexample.a */ = {isa = PBXFileReference; explicitFileType = archive.ar; fileEncoding = 4; includeInIndex = 0; path = "libPods-reactnativedeviceactivityexample.a"; sourceTree = BUILT_PRODUCTS_DIR; };
		630F9328E9134A4D9F0874A2 /* generated.entitlements */ = {isa = PBXFileReference; explicitFileType = text.plist.entitlements; fileEncoding = 4; includeInIndex = 0; path = generated.entitlements; sourceTree = "<group>"; };
		6C2E3173556A471DD304B334 /* Pods-reactnativedeviceactivityexample.debug.xcconfig */ = {isa = PBXFileReference; fileEncoding = 4; includeInIndex = 1; lastKnownFileType = text.xcconfig; name = "Pods-reactnativedeviceactivityexample.debug.xcconfig"; path = "Target Support Files/Pods-reactnativedeviceactivityexample/Pods-reactnativedeviceactivityexample.debug.xcconfig"; sourceTree = "<group>"; };
		7A4D352CD337FB3A3BF06240 /* Pods-reactnativedeviceactivityexample.release.xcconfig */ = {isa = PBXFileReference; fileEncoding = 4; includeInIndex = 1; lastKnownFileType = text.xcconfig; name = "Pods-reactnativedeviceactivityexample.release.xcconfig"; path = "Target Support Files/Pods-reactnativedeviceactivityexample/Pods-reactnativedeviceactivityexample.release.xcconfig"; sourceTree = "<group>"; };
		84457EAD9B9F41CDA5B58B4E /* ActivityMonitorExtension.appex */ = {isa = PBXFileReference; explicitFileType = "wrapper.app-extension"; fileEncoding = 4; includeInIndex = 0; path = ActivityMonitorExtension.appex; sourceTree = BUILT_PRODUCTS_DIR; };
		86C617632690A9F3C5D768FE /* PrivacyInfo.xcprivacy */ = {isa = PBXFileReference; fileEncoding = 4; includeInIndex = 1; lastKnownFileType = text.xml; name = PrivacyInfo.xcprivacy; path = ../targets/ShieldConfiguration/PrivacyInfo.xcprivacy; sourceTree = "<group>"; };
		98E197012252434F88CCEEB4 /* generated.entitlements */ = {isa = PBXFileReference; explicitFileType = text.plist.entitlements; fileEncoding = 4; includeInIndex = 0; path = generated.entitlements; sourceTree = "<group>"; };
		A9A030712CFF142000D9E7E8 /* Tests.xctest */ = {isa = PBXFileReference; explicitFileType = wrapper.cfbundle; fileEncoding = 4; includeInIndex = 0; path = Tests.xctest; sourceTree = BUILT_PRODUCTS_DIR; };
		A9B2DBE72CECAE610001BBAF /* Shared.swift */ = {isa = PBXFileReference; fileEncoding = 4; includeInIndex = 0; lastKnownFileType = sourcecode.swift; name = Shared.swift; path = "../../../packages/react-native-device-activity/ios/Shared.swift"; sourceTree = SOURCE_ROOT; };
		A9B2DBFF2CECB91A0001BBAF /* DeviceActivityMonitorExtension.swift */ = {isa = PBXFileReference; fileEncoding = 4; includeInIndex = 0; lastKnownFileType = sourcecode.swift; name = DeviceActivityMonitorExtension.swift; path = "../../../packages/react-native-device-activity/targets/ActivityMonitorExtension/DeviceActivityMonitorExtension.swift"; sourceTree = SOURCE_ROOT; };
		A9B2DC012CECB9430001BBAF /* ShieldConfigurationExtension.swift */ = {isa = PBXFileReference; fileEncoding = 4; includeInIndex = 0; lastKnownFileType = sourcecode.swift; name = ShieldConfigurationExtension.swift; path = "../../../packages/react-native-device-activity/targets/ShieldConfiguration/ShieldConfigurationExtension.swift"; sourceTree = SOURCE_ROOT; };
		A9B2DC032CECB9600001BBAF /* ShieldActionExtension.swift */ = {isa = PBXFileReference; fileEncoding = 4; includeInIndex = 0; lastKnownFileType = sourcecode.swift; name = ShieldActionExtension.swift; path = "../../../packages/react-native-device-activity/targets/ShieldAction/ShieldActionExtension.swift"; sourceTree = SOURCE_ROOT; };
		A9F920792D7988D400A179B2 /* Tests.xctestplan */ = {isa = PBXFileReference; lastKnownFileType = text; name = Tests.xctestplan; path = ../Tests.xctestplan; sourceTree = "<group>"; };
		AA286B85B6C04FC6940260E9 /* SplashScreen.storyboard */ = {isa = PBXFileReference; fileEncoding = 4; includeInIndex = 0; lastKnownFileType = file.storyboard; name = SplashScreen.storyboard; path = reactnativedeviceactivityexample/SplashScreen.storyboard; sourceTree = "<group>"; };
		AEB321985C804DE4AB33EC69 /* Info.plist */ = {isa = PBXFileReference; fileEncoding = 4; includeInIndex = 0; lastKnownFileType = text.plist.xml; path = Info.plist; sourceTree = "<group>"; };
		BA3FB2A82413462F881AEB5A /* reactnativedeviceactivityexample-Bridging-Header.h */ = {isa = PBXFileReference; explicitFileType = undefined; fileEncoding = 4; includeInIndex = 0; lastKnownFileType = sourcecode.c.h; name = "reactnativedeviceactivityexample-Bridging-Header.h"; path = "reactnativedeviceactivityexample/reactnativedeviceactivityexample-Bridging-Header.h"; sourceTree = "<group>"; };
		BB2F792C24A3F905000567C9 /* Expo.plist */ = {isa = PBXFileReference; fileEncoding = 4; includeInIndex = 0; lastKnownFileType = text.plist.xml; path = Expo.plist; sourceTree = "<group>"; };
		C10474BDB8DC49849F0DAB7D /* noop-file.swift */ = {isa = PBXFileReference; explicitFileType = undefined; fileEncoding = 4; includeInIndex = 0; lastKnownFileType = sourcecode.swift; name = "noop-file.swift"; path = "reactnativedeviceactivityexample/noop-file.swift"; sourceTree = "<group>"; };
		E01EDC40AAA54847A43C3F99 /* DeviceActivity.framework */ = {isa = PBXFileReference; explicitFileType = wrapper.framework; fileEncoding = 4; includeInIndex = 1; name = DeviceActivity.framework; path = System/Library/Frameworks/DeviceActivity.framework; sourceTree = SDKROOT; };
		ED297162215061F000B7C4FE /* JavaScriptCore.framework */ = {isa = PBXFileReference; fileEncoding = 4; includeInIndex = 1; lastKnownFileType = wrapper.framework; name = JavaScriptCore.framework; path = System/Library/Frameworks/JavaScriptCore.framework; sourceTree = SDKROOT; };
		EEEB0A38EA724033BF060181 /* ShieldConfiguration.appex */ = {isa = PBXFileReference; explicitFileType = "wrapper.app-extension"; fileEncoding = 4; includeInIndex = 0; path = ShieldConfiguration.appex; sourceTree = BUILT_PRODUCTS_DIR; };
		FAC715A2D49A985799AEE119 /* ExpoModulesProvider.swift */ = {isa = PBXFileReference; fileEncoding = 4; includeInIndex = 1; lastKnownFileType = sourcecode.swift; name = ExpoModulesProvider.swift; path = "Pods/Target Support Files/Pods-reactnativedeviceactivityexample/ExpoModulesProvider.swift"; sourceTree = "<group>"; };
		XXB6D82409997898620841XX /* ManagedSettingsUI.framework */ = {isa = PBXFileReference; fileEncoding = 4; includeInIndex = 1; lastKnownFileType = wrapper.framework; name = ManagedSettingsUI.framework; path = System/Library/Frameworks/ManagedSettingsUI.framework; sourceTree = SDKROOT; };
		XXCA68A9416C78B970D1D9XX /* DeviceActivity.framework */ = {isa = PBXFileReference; fileEncoding = 4; includeInIndex = 1; lastKnownFileType = wrapper.framework; name = DeviceActivity.framework; path = System/Library/Frameworks/DeviceActivity.framework; sourceTree = SDKROOT; };
/* End PBXFileReference section */

/* Begin PBXFileSystemSynchronizedRootGroup section */
		A9A030722CFF142000D9E7E8 /* Tests */ = {
			isa = PBXFileSystemSynchronizedRootGroup;
			exceptions = (
			);
			path = Tests;
			sourceTree = "<group>";
		};
/* End PBXFileSystemSynchronizedRootGroup section */

/* Begin PBXFrameworksBuildPhase section */
		13B07F8C1A680F5B00A75B9A /* Frameworks */ = {
			isa = PBXFrameworksBuildPhase;
			buildActionMask = 2147483647;
			files = (
				96905EF65AED1B983A6B3ABC /* libPods-reactnativedeviceactivityexample.a in Frameworks */,
			);
			runOnlyForDeploymentPostprocessing = 0;
		};
		462DEE8A51194DC08531C38A /* Frameworks */ = {
			isa = PBXFrameworksBuildPhase;
			buildActionMask = 2147483647;
			files = (
				D4B3EB83B4EF427D8D8F7E6C /* ManagedSettingsUI.framework in Frameworks */,
				XX44FC18D28196FBCB6075XX /* ManagedSettingsUI.framework in Frameworks */,
			);
			runOnlyForDeploymentPostprocessing = 0;
		};
		A9A0306E2CFF142000D9E7E8 /* Frameworks */ = {
			isa = PBXFrameworksBuildPhase;
			buildActionMask = 2147483647;
			files = (
			);
			runOnlyForDeploymentPostprocessing = 0;
		};
		C16C057284E44BB4A80B1F4A /* Frameworks */ = {
			isa = PBXFrameworksBuildPhase;
			buildActionMask = 2147483647;
			files = (
			);
			runOnlyForDeploymentPostprocessing = 0;
		};
		E03DF3C7E0EB4FE6ADEC4D42 /* Frameworks */ = {
			isa = PBXFrameworksBuildPhase;
			buildActionMask = 2147483647;
			files = (
				35FEA156B28F4E06B56A39C6 /* DeviceActivity.framework in Frameworks */,
				XXD33E402502F114432AD3XX /* DeviceActivity.framework in Frameworks */,
			);
			runOnlyForDeploymentPostprocessing = 0;
		};
/* End PBXFrameworksBuildPhase section */

/* Begin PBXGroup section */
		13B07FAE1A68108700A75B9A /* reactnativedeviceactivityexample */ = {
			isa = PBXGroup;
			children = (
				BB2F792B24A3F905000567C9 /* Supporting */,
				13B07FAF1A68108700A75B9A /* AppDelegate.h */,
				13B07FB01A68108700A75B9A /* AppDelegate.mm */,
				13B07FB51A68108700A75B9A /* Images.xcassets */,
				13B07FB61A68108700A75B9A /* Info.plist */,
				13B07FB71A68108700A75B9A /* main.m */,
				AA286B85B6C04FC6940260E9 /* SplashScreen.storyboard */,
				C10474BDB8DC49849F0DAB7D /* noop-file.swift */,
				BA3FB2A82413462F881AEB5A /* reactnativedeviceactivityexample-Bridging-Header.h */,
				86C617632690A9F3C5D768FE /* PrivacyInfo.xcprivacy */,
			);
			name = reactnativedeviceactivityexample;
			sourceTree = "<group>";
		};
		2CA754293FC5430EBFCBDD04 /* ShieldAction */ = {
			isa = PBXGroup;
			children = (
				2A3C8096FCD54C04AD745FB6 /* generated.entitlements */,
				22B2DFD666844CC6A73BAB9B /* Info.plist */,
				A9B2DC032CECB9600001BBAF /* ShieldActionExtension.swift */,
			);
			name = ShieldAction;
			path = ../targets/ShieldAction;
			sourceTree = "<group>";
		};
		2D16E6871FA4F8E400B85C8A /* Frameworks */ = {
			isa = PBXGroup;
			children = (
				ED297162215061F000B7C4FE /* JavaScriptCore.framework */,
				58EEBF8E8E6FB1BC6CAF49B5 /* libPods-reactnativedeviceactivityexample.a */,
				1413C6DF9E3E4F8795DD1144 /* ManagedSettingsUI.framework */,
				E01EDC40AAA54847A43C3F99 /* DeviceActivity.framework */,
				XXCA68A9416C78B970D1D9XX /* DeviceActivity.framework */,
				XXB6D82409997898620841XX /* ManagedSettingsUI.framework */,
			);
			name = Frameworks;
			sourceTree = "<group>";
		};
		832341AE1AAA6A7D00B99B32 /* Libraries */ = {
			isa = PBXGroup;
			children = (
			);
			name = Libraries;
			sourceTree = "<group>";
		};
		83CBB9F61A601CBA00E9B192 = {
			isa = PBXGroup;
			children = (
				A9F920792D7988D400A179B2 /* Tests.xctestplan */,
				A9B2DBE72CECAE610001BBAF /* Shared.swift */,
				C6BB3FB112304AFCB4071189 /* expo:targets */,
				13B07FAE1A68108700A75B9A /* reactnativedeviceactivityexample */,
				832341AE1AAA6A7D00B99B32 /* Libraries */,
				A9A030722CFF142000D9E7E8 /* Tests */,
				83CBBA001A601CBA00E9B192 /* Products */,
				2D16E6871FA4F8E400B85C8A /* Frameworks */,
				D65327D7A22EEC0BE12398D9 /* Pods */,
				D7E4C46ADA2E9064B798F356 /* ExpoModulesProviders */,
				AECFFDE3ED4343DCA9CC2989 /* Resources */,
			);
			indentWidth = 2;
			sourceTree = "<group>";
			tabWidth = 2;
			usesTabs = 0;
		};
		83CBBA001A601CBA00E9B192 /* Products */ = {
			isa = PBXGroup;
			children = (
				13B07F961A680F5B00A75B9A /* reactnativedeviceactivityexample.app */,
				EEEB0A38EA724033BF060181 /* ShieldConfiguration.appex */,
				55BEF032CC20441DA94ED74D /* ShieldAction.appex */,
				84457EAD9B9F41CDA5B58B4E /* ActivityMonitorExtension.appex */,
				A9A030712CFF142000D9E7E8 /* Tests.xctest */,
			);
			name = Products;
			sourceTree = "<group>";
		};
		92DBD88DE9BF7D494EA9DA96 /* reactnativedeviceactivityexample */ = {
			isa = PBXGroup;
			children = (
				FAC715A2D49A985799AEE119 /* ExpoModulesProvider.swift */,
			);
			name = reactnativedeviceactivityexample;
			sourceTree = "<group>";
		};
		AE110DB5899B4D8887B5B8C9 /* ActivityMonitorExtension */ = {
			isa = PBXGroup;
			children = (
				98E197012252434F88CCEEB4 /* generated.entitlements */,
				10F48954B51344E7AF350E1B /* Info.plist */,
				A9B2DBFF2CECB91A0001BBAF /* DeviceActivityMonitorExtension.swift */,
			);
			name = ActivityMonitorExtension;
			path = ../targets/ActivityMonitorExtension;
			sourceTree = "<group>";
		};
		AECFFDE3ED4343DCA9CC2989 /* Resources */ = {
			isa = PBXGroup;
			children = (
			);
			name = Resources;
			sourceTree = "<group>";
		};
		BB2F792B24A3F905000567C9 /* Supporting */ = {
			isa = PBXGroup;
			children = (
				BB2F792C24A3F905000567C9 /* Expo.plist */,
			);
			name = Supporting;
			path = reactnativedeviceactivityexample/Supporting;
			sourceTree = "<group>";
		};
		C6BB3FB112304AFCB4071189 /* expo:targets */ = {
			isa = PBXGroup;
			children = (
				D0AD29FCE88C41BC90BA7D10 /* ShieldConfiguration */,
				2CA754293FC5430EBFCBDD04 /* ShieldAction */,
				AE110DB5899B4D8887B5B8C9 /* ActivityMonitorExtension */,
			);
			name = "expo:targets";
			sourceTree = "<group>";
		};
		D0AD29FCE88C41BC90BA7D10 /* ShieldConfiguration */ = {
			isa = PBXGroup;
			children = (
				630F9328E9134A4D9F0874A2 /* generated.entitlements */,
				AEB321985C804DE4AB33EC69 /* Info.plist */,
				A9B2DC012CECB9430001BBAF /* ShieldConfigurationExtension.swift */,
			);
			name = ShieldConfiguration;
			path = ../targets/ShieldConfiguration;
			sourceTree = "<group>";
		};
		D65327D7A22EEC0BE12398D9 /* Pods */ = {
			isa = PBXGroup;
			children = (
				6C2E3173556A471DD304B334 /* Pods-reactnativedeviceactivityexample.debug.xcconfig */,
				7A4D352CD337FB3A3BF06240 /* Pods-reactnativedeviceactivityexample.release.xcconfig */,
			);
			path = Pods;
			sourceTree = "<group>";
		};
		D7E4C46ADA2E9064B798F356 /* ExpoModulesProviders */ = {
			isa = PBXGroup;
			children = (
				92DBD88DE9BF7D494EA9DA96 /* reactnativedeviceactivityexample */,
			);
			name = ExpoModulesProviders;
			sourceTree = "<group>";
		};
/* End PBXGroup section */

/* Begin PBXNativeTarget section */
		09AF28B634D54463AF9E2548 /* ShieldAction */ = {
			isa = PBXNativeTarget;
			buildConfigurationList = XXE0C7376B08BE7CD8053CXX /* Build configuration list for PBXNativeTarget "ShieldAction" */;
			buildPhases = (
				C5969BCCB0EE45DCB9BBF01A /* Sources */,
				462DEE8A51194DC08531C38A /* Frameworks */,
				A59D4DCB354D450CB3EC7700 /* Resources */,
			);
			buildRules = (
			);
			dependencies = (
			);
			name = ShieldAction;
			productName = ShieldAction;
			productReference = 55BEF032CC20441DA94ED74D /* ShieldAction.appex */;
			productType = "com.apple.product-type.app-extension";
		};
		13B07F861A680F5B00A75B9A /* reactnativedeviceactivityexample */ = {
			isa = PBXNativeTarget;
			buildConfigurationList = 13B07F931A680F5B00A75B9A /* Build configuration list for PBXNativeTarget "reactnativedeviceactivityexample" */;
			buildPhases = (
				08A4A3CD28434E44B6B9DE2E /* [CP] Check Pods Manifest.lock */,
				2630F72D7A63C7E314D5BAC4 /* [Expo] Configure project */,
				13B07F871A680F5B00A75B9A /* Sources */,
				13B07F8C1A680F5B00A75B9A /* Frameworks */,
				13B07F8E1A680F5B00A75B9A /* Resources */,
				00DD1BFF1BD5951E006B06BC /* Bundle React Native code and images */,
				800E24972A6A228C8D4807E9 /* [CP] Copy Pods Resources */,
				3DB52EB52D2348B6B33DCF43 /* Embed Foundation Extensions */,
				DC6C57584D7EC65201A20BD6 /* [CP] Embed Pods Frameworks */,
			);
			buildRules = (
			);
			dependencies = (
				09A35F3A3CA14FF7910A7D62 /* PBXTargetDependency */,
				E79F7418C95C4FDF86F2AC3A /* PBXTargetDependency */,
				8D395BFCE4984204A074EC2E /* PBXTargetDependency */,
			);
			name = reactnativedeviceactivityexample;
			productName = reactnativedeviceactivityexample;
			productReference = 13B07F961A680F5B00A75B9A /* reactnativedeviceactivityexample.app */;
			productType = "com.apple.product-type.application";
		};
		1B33B275DB45484EAECB1B1B /* ShieldConfiguration */ = {
			isa = PBXNativeTarget;
			buildConfigurationList = XXA80D9B0E76C23E6EB489XX /* Build configuration list for PBXNativeTarget "ShieldConfiguration" */;
			buildPhases = (
				E87B628F0597447DB98AACE3 /* Sources */,
				C16C057284E44BB4A80B1F4A /* Frameworks */,
				B7A47D5A75F34E79911489AE /* Resources */,
			);
			buildRules = (
			);
			dependencies = (
			);
			name = ShieldConfiguration;
			productName = ShieldConfiguration;
			productReference = EEEB0A38EA724033BF060181 /* ShieldConfiguration.appex */;
			productType = "com.apple.product-type.app-extension";
		};
		A9A030702CFF142000D9E7E8 /* Tests */ = {
			isa = PBXNativeTarget;
			buildConfigurationList = A9A030792CFF142000D9E7E8 /* Build configuration list for PBXNativeTarget "Tests" */;
			buildPhases = (
				A9A0306D2CFF142000D9E7E8 /* Sources */,
				A9A0306E2CFF142000D9E7E8 /* Frameworks */,
				A9A0306F2CFF142000D9E7E8 /* Resources */,
			);
			buildRules = (
			);
			dependencies = (
				A9A030762CFF142000D9E7E8 /* PBXTargetDependency */,
			);
			fileSystemSynchronizedGroups = (
				A9A030722CFF142000D9E7E8 /* Tests */,
			);
			name = Tests;
			productName = Tests;
			productReference = A9A030712CFF142000D9E7E8 /* Tests.xctest */;
			productType = "com.apple.product-type.bundle.unit-test";
		};
		B020639A1E02498DA97B7121 /* ActivityMonitorExtension */ = {
			isa = PBXNativeTarget;
			buildConfigurationList = XX2FE62DA24018D18B6DFDXX /* Build configuration list for PBXNativeTarget "ActivityMonitorExtension" */;
			buildPhases = (
				19D75FAED6304B899C951F97 /* Sources */,
				E03DF3C7E0EB4FE6ADEC4D42 /* Frameworks */,
				DEC83D441E90406E8E2013A7 /* Resources */,
			);
			buildRules = (
			);
			dependencies = (
			);
			name = ActivityMonitorExtension;
			productName = ActivityMonitorExtension;
			productReference = 84457EAD9B9F41CDA5B58B4E /* ActivityMonitorExtension.appex */;
			productType = "com.apple.product-type.app-extension";
		};
/* End PBXNativeTarget section */

/* Begin PBXProject section */
		83CBB9F71A601CBA00E9B192 /* Project object */ = {
			isa = PBXProject;
			attributes = {
				LastSwiftUpdateCheck = 1610;
				LastUpgradeCheck = 1130;
				TargetAttributes = {
					09AF28B634D54463AF9E2548 = {
						CreatedOnToolsVersion = 14.3;
						DevelopmentTeam = 34SE8X7Q58;
						ProvisioningStyle = Automatic;
					};
					13B07F861A680F5B00A75B9A = {
						LastSwiftMigration = 1250;
					};
					1B33B275DB45484EAECB1B1B = {
						CreatedOnToolsVersion = 14.3;
						DevelopmentTeam = 34SE8X7Q58;
						ProvisioningStyle = Automatic;
					};
					A9A030702CFF142000D9E7E8 = {
						CreatedOnToolsVersion = 16.1;
						TestTargetID = 13B07F861A680F5B00A75B9A;
					};
					B020639A1E02498DA97B7121 = {
						CreatedOnToolsVersion = 14.3;
						ProvisioningStyle = Automatic;
					};
				};
			};
			buildConfigurationList = 83CBB9FA1A601CBA00E9B192 /* Build configuration list for PBXProject "reactnativedeviceactivityexample" */;
			developmentRegion = en;
			hasScannedForEncodings = 0;
			knownRegions = (
				en,
				Base,
			);
			mainGroup = 83CBB9F61A601CBA00E9B192;
			preferredProjectObjectVersion = 77;
			productRefGroup = 83CBBA001A601CBA00E9B192 /* Products */;
			projectDirPath = "";
			projectRoot = "";
			targets = (
				13B07F861A680F5B00A75B9A /* reactnativedeviceactivityexample */,
				1B33B275DB45484EAECB1B1B /* ShieldConfiguration */,
				09AF28B634D54463AF9E2548 /* ShieldAction */,
				B020639A1E02498DA97B7121 /* ActivityMonitorExtension */,
				A9A030702CFF142000D9E7E8 /* Tests */,
			);
		};
/* End PBXProject section */

/* Begin PBXResourcesBuildPhase section */
		13B07F8E1A680F5B00A75B9A /* Resources */ = {
			isa = PBXResourcesBuildPhase;
			buildActionMask = 2147483647;
			files = (
				BB2F792D24A3F905000567C9 /* Expo.plist in Resources */,
				13B07FBF1A68108700A75B9A /* Images.xcassets in Resources */,
				3E461D99554A48A4959DE609 /* SplashScreen.storyboard in Resources */,
				7196272736B8369F7352BB3C /* PrivacyInfo.xcprivacy in Resources */,
			);
			runOnlyForDeploymentPostprocessing = 0;
		};
		A59D4DCB354D450CB3EC7700 /* Resources */ = {
			isa = PBXResourcesBuildPhase;
			buildActionMask = 2147483647;
			files = (
			);
			runOnlyForDeploymentPostprocessing = 0;
		};
		A9A0306F2CFF142000D9E7E8 /* Resources */ = {
			isa = PBXResourcesBuildPhase;
			buildActionMask = 2147483647;
			files = (
			);
			runOnlyForDeploymentPostprocessing = 0;
		};
		B7A47D5A75F34E79911489AE /* Resources */ = {
			isa = PBXResourcesBuildPhase;
			buildActionMask = 2147483647;
			files = (
			);
			runOnlyForDeploymentPostprocessing = 0;
		};
		DEC83D441E90406E8E2013A7 /* Resources */ = {
			isa = PBXResourcesBuildPhase;
			buildActionMask = 2147483647;
			files = (
			);
			runOnlyForDeploymentPostprocessing = 0;
		};
/* End PBXResourcesBuildPhase section */

/* Begin PBXShellScriptBuildPhase section */
		00DD1BFF1BD5951E006B06BC /* Bundle React Native code and images */ = {
			isa = PBXShellScriptBuildPhase;
			alwaysOutOfDate = 1;
			buildActionMask = 2147483647;
			files = (
			);
			inputFileListPaths = (
			);
			inputPaths = (
			);
			name = "Bundle React Native code and images";
			outputFileListPaths = (
			);
			outputPaths = (
			);
			runOnlyForDeploymentPostprocessing = 0;
			shellPath = /bin/sh;
			shellScript = "if [[ -f \"$PODS_ROOT/../.xcode.env\" ]]; then\n  source \"$PODS_ROOT/../.xcode.env\"\nfi\nif [[ -f \"$PODS_ROOT/../.xcode.env.local\" ]]; then\n  source \"$PODS_ROOT/../.xcode.env.local\"\nfi\n\n# The project root by default is one level up from the ios directory\nexport PROJECT_ROOT=\"$PROJECT_DIR\"/..\n\nif [[ \"$CONFIGURATION\" = *Debug* ]]; then\n  export SKIP_BUNDLING=1\nfi\nif [[ -z \"$ENTRY_FILE\" ]]; then\n  # Set the entry JS file using the bundler's entry resolution.\n  export ENTRY_FILE=\"$(\"$NODE_BINARY\" -e \"require('expo/scripts/resolveAppEntry')\" \"$PROJECT_ROOT\" ios absolute | tail -n 1)\"\nfi\n\nif [[ -z \"$CLI_PATH\" ]]; then\n  # Use Expo CLI\n  export CLI_PATH=\"$(\"$NODE_BINARY\" --print \"require.resolve('@expo/cli', { paths: [require.resolve('expo/package.json')] })\")\"\nfi\nif [[ -z \"$BUNDLE_COMMAND\" ]]; then\n  # Default Expo CLI command for bundling\n  export BUNDLE_COMMAND=\"export:embed\"\nfi\n\n# Source .xcode.env.updates if it exists to allow\n# SKIP_BUNDLING to be unset if needed\nif [[ -f \"$PODS_ROOT/../.xcode.env.updates\" ]]; then\n  source \"$PODS_ROOT/../.xcode.env.updates\"\nfi\n# Source local changes to allow overrides\n# if needed\nif [[ -f \"$PODS_ROOT/../.xcode.env.local\" ]]; then\n  source \"$PODS_ROOT/../.xcode.env.local\"\nfi\n\n`\"$NODE_BINARY\" --print \"require('path').dirname(require.resolve('react-native/package.json')) + '/scripts/react-native-xcode.sh'\"`\n\n";
		};
		08A4A3CD28434E44B6B9DE2E /* [CP] Check Pods Manifest.lock */ = {
			isa = PBXShellScriptBuildPhase;
			buildActionMask = 2147483647;
			files = (
			);
			inputFileListPaths = (
			);
			inputPaths = (
				"${PODS_PODFILE_DIR_PATH}/Podfile.lock",
				"${PODS_ROOT}/Manifest.lock",
			);
			name = "[CP] Check Pods Manifest.lock";
			outputFileListPaths = (
			);
			outputPaths = (
				"$(DERIVED_FILE_DIR)/Pods-reactnativedeviceactivityexample-checkManifestLockResult.txt",
			);
			runOnlyForDeploymentPostprocessing = 0;
			shellPath = /bin/sh;
			shellScript = "diff \"${PODS_PODFILE_DIR_PATH}/Podfile.lock\" \"${PODS_ROOT}/Manifest.lock\" > /dev/null\nif [ $? != 0 ] ; then\n    # print error to STDERR\n    echo \"error: The sandbox is not in sync with the Podfile.lock. Run 'pod install' or update your CocoaPods installation.\" >&2\n    exit 1\nfi\n# This output is used by Xcode 'outputs' to avoid re-running this script phase.\necho \"SUCCESS\" > \"${SCRIPT_OUTPUT_FILE_0}\"\n";
			showEnvVarsInLog = 0;
		};
		2630F72D7A63C7E314D5BAC4 /* [Expo] Configure project */ = {
			isa = PBXShellScriptBuildPhase;
			alwaysOutOfDate = 1;
			buildActionMask = 2147483647;
			files = (
			);
			inputFileListPaths = (
			);
			inputPaths = (
			);
			name = "[Expo] Configure project";
			outputFileListPaths = (
			);
			outputPaths = (
			);
			runOnlyForDeploymentPostprocessing = 0;
			shellPath = /bin/sh;
			shellScript = "# This script configures Expo modules and generates the modules provider file.\nbash -l -c \"./Pods/Target\\ Support\\ Files/Pods-reactnativedeviceactivityexample/expo-configure-project.sh\"\n";
		};
		800E24972A6A228C8D4807E9 /* [CP] Copy Pods Resources */ = {
			isa = PBXShellScriptBuildPhase;
			buildActionMask = 2147483647;
			files = (
			);
			inputFileListPaths = (
				"${PODS_ROOT}/Target Support Files/Pods-reactnativedeviceactivityexample/Pods-reactnativedeviceactivityexample-resources-${CONFIGURATION}-input-files.xcfilelist",
			);
			name = "[CP] Copy Pods Resources";
			outputFileListPaths = (
				"${PODS_ROOT}/Target Support Files/Pods-reactnativedeviceactivityexample/Pods-reactnativedeviceactivityexample-resources-${CONFIGURATION}-output-files.xcfilelist",
			);
			runOnlyForDeploymentPostprocessing = 0;
			shellPath = /bin/sh;
			shellScript = "\"${PODS_ROOT}/Target Support Files/Pods-reactnativedeviceactivityexample/Pods-reactnativedeviceactivityexample-resources.sh\"\n";
			showEnvVarsInLog = 0;
		};
		DC6C57584D7EC65201A20BD6 /* [CP] Embed Pods Frameworks */ = {
			isa = PBXShellScriptBuildPhase;
			buildActionMask = 2147483647;
			files = (
			);
			inputFileListPaths = (
				"${PODS_ROOT}/Target Support Files/Pods-reactnativedeviceactivityexample/Pods-reactnativedeviceactivityexample-frameworks-${CONFIGURATION}-input-files.xcfilelist",
			);
			name = "[CP] Embed Pods Frameworks";
			outputFileListPaths = (
				"${PODS_ROOT}/Target Support Files/Pods-reactnativedeviceactivityexample/Pods-reactnativedeviceactivityexample-frameworks-${CONFIGURATION}-output-files.xcfilelist",
			);
			runOnlyForDeploymentPostprocessing = 0;
			shellPath = /bin/sh;
			shellScript = "\"${PODS_ROOT}/Target Support Files/Pods-reactnativedeviceactivityexample/Pods-reactnativedeviceactivityexample-frameworks.sh\"\n";
			showEnvVarsInLog = 0;
		};
/* End PBXShellScriptBuildPhase section */

/* Begin PBXSourcesBuildPhase section */
		13B07F871A680F5B00A75B9A /* Sources */ = {
			isa = PBXSourcesBuildPhase;
			buildActionMask = 2147483647;
			files = (
				13B07FBC1A68108700A75B9A /* AppDelegate.mm in Sources */,
				13B07FC11A68108700A75B9A /* main.m in Sources */,
				B18059E884C0ABDD17F3DC3D /* ExpoModulesProvider.swift in Sources */,
				DA41F741593849B68655A75F /* noop-file.swift in Sources */,
			);
			runOnlyForDeploymentPostprocessing = 0;
		};
		19D75FAED6304B899C951F97 /* Sources */ = {
			isa = PBXSourcesBuildPhase;
			buildActionMask = 2147483647;
			files = (
				A9B2DBE92CECAE610001BBAF /* Shared.swift in Sources */,
				A9B2DC002CECB91A0001BBAF /* DeviceActivityMonitorExtension.swift in Sources */,
				3EC70A358F3D42C69DFBA42F /* generated.entitlements in Sources */,
			);
			runOnlyForDeploymentPostprocessing = 0;
		};
		A9A0306D2CFF142000D9E7E8 /* Sources */ = {
			isa = PBXSourcesBuildPhase;
			buildActionMask = 2147483647;
			files = (
				A9A0307C2CFF148E00D9E7E8 /* Shared.swift in Sources */,
			);
			runOnlyForDeploymentPostprocessing = 0;
		};
		C5969BCCB0EE45DCB9BBF01A /* Sources */ = {
			isa = PBXSourcesBuildPhase;
			buildActionMask = 2147483647;
			files = (
				A9B2DBE82CECAE610001BBAF /* Shared.swift in Sources */,
				24076609638B40C29AD3691D /* generated.entitlements in Sources */,
				A9B2DC042CECB9600001BBAF /* ShieldActionExtension.swift in Sources */,
			);
			runOnlyForDeploymentPostprocessing = 0;
		};
		E87B628F0597447DB98AACE3 /* Sources */ = {
			isa = PBXSourcesBuildPhase;
			buildActionMask = 2147483647;
			files = (
				A9B2DBEA2CECAE610001BBAF /* Shared.swift in Sources */,
				984C7C2718574054BF6481E3 /* generated.entitlements in Sources */,
				A9B2DC022CECB9430001BBAF /* ShieldConfigurationExtension.swift in Sources */,
			);
			runOnlyForDeploymentPostprocessing = 0;
		};
/* End PBXSourcesBuildPhase section */

/* Begin PBXTargetDependency section */
		09A35F3A3CA14FF7910A7D62 /* PBXTargetDependency */ = {
			isa = PBXTargetDependency;
			target = 1B33B275DB45484EAECB1B1B /* ShieldConfiguration */;
			targetProxy = 5D1C8FF46BDD49A6AC94395D /* PBXContainerItemProxy */;
		};
		8D395BFCE4984204A074EC2E /* PBXTargetDependency */ = {
			isa = PBXTargetDependency;
			target = B020639A1E02498DA97B7121 /* ActivityMonitorExtension */;
			targetProxy = C6D619B1FE3F43EEBE3A40C2 /* PBXContainerItemProxy */;
		};
		A9A030762CFF142000D9E7E8 /* PBXTargetDependency */ = {
			isa = PBXTargetDependency;
			target = 13B07F861A680F5B00A75B9A /* reactnativedeviceactivityexample */;
			targetProxy = A9A030752CFF142000D9E7E8 /* PBXContainerItemProxy */;
		};
		E79F7418C95C4FDF86F2AC3A /* PBXTargetDependency */ = {
			isa = PBXTargetDependency;
			target = 09AF28B634D54463AF9E2548 /* ShieldAction */;
			targetProxy = B8AF53079E4145D686123C11 /* PBXContainerItemProxy */;
		};
/* End PBXTargetDependency section */

/* Begin XCBuildConfiguration section */
		13B07F941A680F5B00A75B9A /* Debug */ = {
			isa = XCBuildConfiguration;
			baseConfigurationReference = 6C2E3173556A471DD304B334 /* Pods-reactnativedeviceactivityexample.debug.xcconfig */;
			buildSettings = {
				ALWAYS_EMBED_SWIFT_STANDARD_LIBRARIES = YES;
				ASSETCATALOG_COMPILER_APPICON_NAME = AppIcon;
				CLANG_ENABLE_MODULES = YES;
				CODE_SIGN_ENTITLEMENTS = reactnativedeviceactivityexample/reactnativedeviceactivityexample.entitlements;
				CURRENT_PROJECT_VERSION = 1;
				DEVELOPMENT_TEAM = 34SE8X7Q58;
				ENABLE_BITCODE = NO;
				GCC_PREPROCESSOR_DEFINITIONS = (
					"$(inherited)",
					"FB_SONARKIT_ENABLED=1",
				);
				INFOPLIST_FILE = reactnativedeviceactivityexample/Info.plist;
				IPHONEOS_DEPLOYMENT_TARGET = 15.1;
				LD_RUNPATH_SEARCH_PATHS = (
					"$(inherited)",
					"@executable_path/Frameworks",
				);
				MARKETING_VERSION = 1.0.0;
				NEW_SETTING = "";
				OTHER_LDFLAGS = (
					"$(inherited)",
					"-ObjC",
					"-lc++",
				);
				OTHER_SWIFT_FLAGS = "$(inherited) -D EXPO_CONFIGURATION_DEBUG";
				PRODUCT_BUNDLE_IDENTIFIER = expo.modules.deviceactivity.example;
				PRODUCT_NAME = reactnativedeviceactivityexample;
				REACT_NATIVE_DEVICE_ACTIVITY_APP_GROUP = group.ActivityMonitor;
				SWIFT_OBJC_BRIDGING_HEADER = "reactnativedeviceactivityexample/reactnativedeviceactivityexample-Bridging-Header.h";
				SWIFT_OPTIMIZATION_LEVEL = "-Onone";
				TARGETED_DEVICE_FAMILY = "1,2";
				VERSIONING_SYSTEM = "apple-generic";
			};
			name = Debug;
		};
		13B07F951A680F5B00A75B9A /* Release */ = {
			isa = XCBuildConfiguration;
			baseConfigurationReference = 7A4D352CD337FB3A3BF06240 /* Pods-reactnativedeviceactivityexample.release.xcconfig */;
			buildSettings = {
				ALWAYS_EMBED_SWIFT_STANDARD_LIBRARIES = YES;
				ASSETCATALOG_COMPILER_APPICON_NAME = AppIcon;
				CLANG_ENABLE_MODULES = YES;
				CODE_SIGN_ENTITLEMENTS = reactnativedeviceactivityexample/reactnativedeviceactivityexample.entitlements;
				CURRENT_PROJECT_VERSION = 1;
				DEVELOPMENT_TEAM = 34SE8X7Q58;
				INFOPLIST_FILE = reactnativedeviceactivityexample/Info.plist;
				IPHONEOS_DEPLOYMENT_TARGET = 15.1;
				LD_RUNPATH_SEARCH_PATHS = (
					"$(inherited)",
					"@executable_path/Frameworks",
				);
				MARKETING_VERSION = 1.0.0;
				NEW_SETTING = "";
				OTHER_LDFLAGS = (
					"$(inherited)",
					"-ObjC",
					"-lc++",
				);
				OTHER_SWIFT_FLAGS = "$(inherited) -D EXPO_CONFIGURATION_RELEASE";
				PRODUCT_BUNDLE_IDENTIFIER = expo.modules.deviceactivity.example;
				PRODUCT_NAME = reactnativedeviceactivityexample;
				REACT_NATIVE_DEVICE_ACTIVITY_APP_GROUP = group.ActivityMonitor;
				SWIFT_OBJC_BRIDGING_HEADER = "reactnativedeviceactivityexample/reactnativedeviceactivityexample-Bridging-Header.h";
				TARGETED_DEVICE_FAMILY = "1,2";
				VERSIONING_SYSTEM = "apple-generic";
			};
			name = Release;
		};
		83CBBA201A601CBA00E9B192 /* Debug */ = {
			isa = XCBuildConfiguration;
			buildSettings = {
				ALWAYS_SEARCH_USER_PATHS = NO;
				CC = "";
				CLANG_ANALYZER_LOCALIZABILITY_NONLOCALIZED = YES;
				CLANG_CXX_LANGUAGE_STANDARD = "c++20";
				CLANG_CXX_LIBRARY = "libc++";
				CLANG_ENABLE_MODULES = YES;
				CLANG_ENABLE_OBJC_ARC = YES;
				CLANG_WARN_BLOCK_CAPTURE_AUTORELEASING = YES;
				CLANG_WARN_BOOL_CONVERSION = YES;
				CLANG_WARN_COMMA = YES;
				CLANG_WARN_CONSTANT_CONVERSION = YES;
				CLANG_WARN_DEPRECATED_OBJC_IMPLEMENTATIONS = YES;
				CLANG_WARN_DIRECT_OBJC_ISA_USAGE = YES_ERROR;
				CLANG_WARN_EMPTY_BODY = YES;
				CLANG_WARN_ENUM_CONVERSION = YES;
				CLANG_WARN_INFINITE_RECURSION = YES;
				CLANG_WARN_INT_CONVERSION = YES;
				CLANG_WARN_NON_LITERAL_NULL_CONVERSION = YES;
				CLANG_WARN_OBJC_IMPLICIT_RETAIN_SELF = YES;
				CLANG_WARN_OBJC_LITERAL_CONVERSION = YES;
				CLANG_WARN_OBJC_ROOT_CLASS = YES_ERROR;
				CLANG_WARN_RANGE_LOOP_ANALYSIS = YES;
				CLANG_WARN_STRICT_PROTOTYPES = YES;
				CLANG_WARN_SUSPICIOUS_MOVE = YES;
				CLANG_WARN_UNREACHABLE_CODE = YES;
				CLANG_WARN__DUPLICATE_METHOD_MATCH = YES;
				CODE_SIGN_ALLOW_ENTITLEMENTS_MODIFICATION = YES;
				"CODE_SIGN_IDENTITY[sdk=iphoneos*]" = "iPhone Developer";
				COPY_PHASE_STRIP = NO;
				CXX = "";
				ENABLE_STRICT_OBJC_MSGSEND = YES;
				ENABLE_TESTABILITY = YES;
				GCC_C_LANGUAGE_STANDARD = gnu99;
				GCC_DYNAMIC_NO_PIC = NO;
				GCC_NO_COMMON_BLOCKS = YES;
				GCC_OPTIMIZATION_LEVEL = 0;
				GCC_PREPROCESSOR_DEFINITIONS = (
					"DEBUG=1",
					"$(inherited)",
				);
				GCC_SYMBOLS_PRIVATE_EXTERN = NO;
				GCC_WARN_64_TO_32_BIT_CONVERSION = YES;
				GCC_WARN_ABOUT_RETURN_TYPE = YES_ERROR;
				GCC_WARN_UNDECLARED_SELECTOR = YES;
				GCC_WARN_UNINITIALIZED_AUTOS = YES_AGGRESSIVE;
				GCC_WARN_UNUSED_FUNCTION = YES;
				GCC_WARN_UNUSED_VARIABLE = YES;
				IPHONEOS_DEPLOYMENT_TARGET = 16.6;
				LD = "";
				LDPLUSPLUS = "";
				LD_RUNPATH_SEARCH_PATHS = (
					/usr/lib/swift,
					"$(inherited)",
				);
				LIBRARY_SEARCH_PATHS = "$(SDKROOT)/usr/lib/swift\"$(inherited)\"";
				MTL_ENABLE_DEBUG_INFO = YES;
				ONLY_ACTIVE_ARCH = YES;
				OTHER_LDFLAGS = (
					"$(inherited)",
					" ",
				);
				REACT_NATIVE_PATH = "${PODS_ROOT}/../../../../node_modules/react-native";
				SDKROOT = iphoneos;
				SWIFT_ACTIVE_COMPILATION_CONDITIONS = "$(inherited) DEBUG";
				SWIFT_VERSION = 5.8;
				USE_HERMES = true;
			};
			name = Debug;
		};
		83CBBA211A601CBA00E9B192 /* Release */ = {
			isa = XCBuildConfiguration;
			buildSettings = {
				ALWAYS_SEARCH_USER_PATHS = NO;
				CC = "";
				CLANG_ANALYZER_LOCALIZABILITY_NONLOCALIZED = YES;
				CLANG_CXX_LANGUAGE_STANDARD = "c++20";
				CLANG_CXX_LIBRARY = "libc++";
				CLANG_ENABLE_MODULES = YES;
				CLANG_ENABLE_OBJC_ARC = YES;
				CLANG_WARN_BLOCK_CAPTURE_AUTORELEASING = YES;
				CLANG_WARN_BOOL_CONVERSION = YES;
				CLANG_WARN_COMMA = YES;
				CLANG_WARN_CONSTANT_CONVERSION = YES;
				CLANG_WARN_DEPRECATED_OBJC_IMPLEMENTATIONS = YES;
				CLANG_WARN_DIRECT_OBJC_ISA_USAGE = YES_ERROR;
				CLANG_WARN_EMPTY_BODY = YES;
				CLANG_WARN_ENUM_CONVERSION = YES;
				CLANG_WARN_INFINITE_RECURSION = YES;
				CLANG_WARN_INT_CONVERSION = YES;
				CLANG_WARN_NON_LITERAL_NULL_CONVERSION = YES;
				CLANG_WARN_OBJC_IMPLICIT_RETAIN_SELF = YES;
				CLANG_WARN_OBJC_LITERAL_CONVERSION = YES;
				CLANG_WARN_OBJC_ROOT_CLASS = YES_ERROR;
				CLANG_WARN_RANGE_LOOP_ANALYSIS = YES;
				CLANG_WARN_STRICT_PROTOTYPES = YES;
				CLANG_WARN_SUSPICIOUS_MOVE = YES;
				CLANG_WARN_UNREACHABLE_CODE = YES;
				CLANG_WARN__DUPLICATE_METHOD_MATCH = YES;
				CODE_SIGN_ALLOW_ENTITLEMENTS_MODIFICATION = YES;
				"CODE_SIGN_IDENTITY[sdk=iphoneos*]" = "iPhone Developer";
				COPY_PHASE_STRIP = YES;
				CXX = "";
				ENABLE_NS_ASSERTIONS = NO;
				ENABLE_STRICT_OBJC_MSGSEND = YES;
				GCC_C_LANGUAGE_STANDARD = gnu99;
				GCC_NO_COMMON_BLOCKS = YES;
				GCC_WARN_64_TO_32_BIT_CONVERSION = YES;
				GCC_WARN_ABOUT_RETURN_TYPE = YES_ERROR;
				GCC_WARN_UNDECLARED_SELECTOR = YES;
				GCC_WARN_UNINITIALIZED_AUTOS = YES_AGGRESSIVE;
				GCC_WARN_UNUSED_FUNCTION = YES;
				GCC_WARN_UNUSED_VARIABLE = YES;
				IPHONEOS_DEPLOYMENT_TARGET = 16.6;
				LD = "";
				LDPLUSPLUS = "";
				LD_RUNPATH_SEARCH_PATHS = (
					/usr/lib/swift,
					"$(inherited)",
				);
				LIBRARY_SEARCH_PATHS = "$(SDKROOT)/usr/lib/swift\"$(inherited)\"";
				MTL_ENABLE_DEBUG_INFO = NO;
				OTHER_LDFLAGS = (
					"$(inherited)",
					" ",
				);
				REACT_NATIVE_PATH = "${PODS_ROOT}/../../../../node_modules/react-native";
				SDKROOT = iphoneos;
				SWIFT_VERSION = 5.8;
				USE_HERMES = true;
				VALIDATE_PRODUCT = YES;
			};
			name = Release;
		};
		A9A030772CFF142000D9E7E8 /* Debug */ = {
			isa = XCBuildConfiguration;
			buildSettings = {
				ASSETCATALOG_COMPILER_GENERATE_SWIFT_ASSET_SYMBOL_EXTENSIONS = YES;
				BUNDLE_LOADER = "$(TEST_HOST)";
				CLANG_ANALYZER_NONNULL = YES;
				CLANG_ANALYZER_NUMBER_OBJECT_CONVERSION = YES_AGGRESSIVE;
				CLANG_CXX_LANGUAGE_STANDARD = "gnu++20";
				CLANG_ENABLE_OBJC_WEAK = YES;
				CLANG_WARN_DOCUMENTATION_COMMENTS = YES;
				CLANG_WARN_QUOTED_INCLUDE_IN_FRAMEWORK_HEADER = YES;
				CLANG_WARN_UNGUARDED_AVAILABILITY = YES_AGGRESSIVE;
				CODE_SIGN_STYLE = Automatic;
				CURRENT_PROJECT_VERSION = 1;
				DEBUG_INFORMATION_FORMAT = dwarf;
				DEVELOPMENT_TEAM = 34SE8X7Q58;
				ENABLE_USER_SCRIPT_SANDBOXING = YES;
				GCC_C_LANGUAGE_STANDARD = gnu17;
				GENERATE_INFOPLIST_FILE = YES;
				IPHONEOS_DEPLOYMENT_TARGET = 17.6;
				LOCALIZATION_PREFERS_STRING_CATALOGS = YES;
				MARKETING_VERSION = 1.0.0;
				MTL_ENABLE_DEBUG_INFO = INCLUDE_SOURCE;
				MTL_FAST_MATH = YES;
				OTHER_SWIFT_FLAGS = "$(inherited) -D EXPO_CONFIGURATION_DEBUG";
				PRODUCT_BUNDLE_IDENTIFIER = com.kingstinct.reactnativedeviceactivityexampleTests.Tests;
				PRODUCT_NAME = "$(TARGET_NAME)";
				SWIFT_ACTIVE_COMPILATION_CONDITIONS = "DEBUG $(inherited)";
				SWIFT_EMIT_LOC_STRINGS = NO;
				SWIFT_OPTIMIZATION_LEVEL = "-Onone";
				TARGETED_DEVICE_FAMILY = "1,2";
				TEST_HOST = "$(BUILT_PRODUCTS_DIR)/reactnativedeviceactivityexample.app/$(BUNDLE_EXECUTABLE_FOLDER_PATH)/reactnativedeviceactivityexample";
			};
			name = Debug;
		};
		A9A030782CFF142000D9E7E8 /* Release */ = {
			isa = XCBuildConfiguration;
			buildSettings = {
				ASSETCATALOG_COMPILER_GENERATE_SWIFT_ASSET_SYMBOL_EXTENSIONS = YES;
				BUNDLE_LOADER = "$(TEST_HOST)";
				CLANG_ANALYZER_NONNULL = YES;
				CLANG_ANALYZER_NUMBER_OBJECT_CONVERSION = YES_AGGRESSIVE;
				CLANG_CXX_LANGUAGE_STANDARD = "gnu++20";
				CLANG_ENABLE_OBJC_WEAK = YES;
				CLANG_WARN_DOCUMENTATION_COMMENTS = YES;
				CLANG_WARN_QUOTED_INCLUDE_IN_FRAMEWORK_HEADER = YES;
				CLANG_WARN_UNGUARDED_AVAILABILITY = YES_AGGRESSIVE;
				CODE_SIGN_STYLE = Automatic;
				COPY_PHASE_STRIP = NO;
				CURRENT_PROJECT_VERSION = 1;
				DEBUG_INFORMATION_FORMAT = "dwarf-with-dsym";
				DEVELOPMENT_TEAM = 34SE8X7Q58;
				ENABLE_USER_SCRIPT_SANDBOXING = YES;
				GCC_C_LANGUAGE_STANDARD = gnu17;
				GENERATE_INFOPLIST_FILE = YES;
				IPHONEOS_DEPLOYMENT_TARGET = 17.6;
				LOCALIZATION_PREFERS_STRING_CATALOGS = YES;
				MARKETING_VERSION = 1.0.0;
				MTL_FAST_MATH = YES;
				OTHER_SWIFT_FLAGS = "$(inherited) -D EXPO_CONFIGURATION_RELEASE";
				PRODUCT_BUNDLE_IDENTIFIER = com.kingstinct.reactnativedeviceactivityexampleTests.Tests;
				PRODUCT_NAME = "$(TARGET_NAME)";
				SWIFT_COMPILATION_MODE = wholemodule;
				SWIFT_EMIT_LOC_STRINGS = NO;
				TARGETED_DEVICE_FAMILY = "1,2";
				TEST_HOST = "$(BUILT_PRODUCTS_DIR)/reactnativedeviceactivityexample.app/$(BUNDLE_EXECUTABLE_FOLDER_PATH)/reactnativedeviceactivityexample";
			};
			name = Release;
		};
		XX2B9E060A37CDC639FD37XX /* Release */ = {
			isa = XCBuildConfiguration;
			buildSettings = {
				CLANG_ANALYZER_NONNULL = YES;
				CLANG_ANALYZER_NUMBER_OBJECT_CONVERSION = YES_AGGRESSIVE;
				CLANG_CXX_LANGUAGE_STANDARD = "gnu++20";
				CLANG_ENABLE_OBJC_WEAK = YES;
				CLANG_WARN_DOCUMENTATION_COMMENTS = YES;
				CLANG_WARN_QUOTED_INCLUDE_IN_FRAMEWORK_HEADER = YES;
				CLANG_WARN_UNGUARDED_AVAILABILITY = YES_AGGRESSIVE;
				CODE_SIGN_ENTITLEMENTS = ../targets/ShieldAction/generated.entitlements;
				CODE_SIGN_STYLE = Automatic;
				COPY_PHASE_STRIP = NO;
				CURRENT_PROJECT_VERSION = 1;
				DEBUG_INFORMATION_FORMAT = "dwarf-with-dsym";
				DEVELOPMENT_TEAM = 34SE8X7Q58;
				GCC_C_LANGUAGE_STANDARD = gnu11;
				GENERATE_INFOPLIST_FILE = YES;
				INFOPLIST_FILE = ../targets/ShieldAction/Info.plist;
				INFOPLIST_KEY_CFBundleDisplayName = ShieldAction;
				INFOPLIST_KEY_NSHumanReadableCopyright = "";
				IPHONEOS_DEPLOYMENT_TARGET = 18.0;
				LD_RUNPATH_SEARCH_PATHS = (
					"$(inherited)",
					"@executable_path/Frameworks",
					"@executable_path/../../Frameworks",
				);
				MARKETING_VERSION = 1.0.0;
				MTL_FAST_MATH = YES;
				NEW_SETTING = "";
				OTHER_SWIFT_FLAGS = "$(inherited) -D EXPO_CONFIGURATION_RELEASE";
				PRODUCT_BUNDLE_IDENTIFIER = expo.modules.deviceactivity.example.ShieldAction;
				PRODUCT_NAME = "$(TARGET_NAME)";
				REACT_NATIVE_DEVICE_ACTIVITY_APP_GROUP = group.ActivityMonitor;
				SKIP_INSTALL = YES;
				SWIFT_COMPILATION_MODE = wholemodule;
				SWIFT_EMIT_LOC_STRINGS = YES;
				SWIFT_OPTIMIZATION_LEVEL = "-O";
				TARGETED_DEVICE_FAMILY = "1,2";
			};
			name = Release;
		};
		XX724BBE6F77538C7FD8E0XX /* Debug */ = {
			isa = XCBuildConfiguration;
			buildSettings = {
				CLANG_ANALYZER_NONNULL = YES;
				CLANG_ANALYZER_NUMBER_OBJECT_CONVERSION = YES_AGGRESSIVE;
				CLANG_CXX_LANGUAGE_STANDARD = "gnu++20";
				CLANG_ENABLE_OBJC_WEAK = YES;
				CLANG_WARN_DOCUMENTATION_COMMENTS = YES;
				CLANG_WARN_QUOTED_INCLUDE_IN_FRAMEWORK_HEADER = YES;
				CLANG_WARN_UNGUARDED_AVAILABILITY = YES_AGGRESSIVE;
				CODE_SIGN_ENTITLEMENTS = ../targets/ActivityMonitorExtension/generated.entitlements;
				CODE_SIGN_STYLE = Automatic;
				COPY_PHASE_STRIP = NO;
				CURRENT_PROJECT_VERSION = 1;
				DEBUG_INFORMATION_FORMAT = dwarf;
				DEVELOPMENT_TEAM = 34SE8X7Q58;
				GCC_C_LANGUAGE_STANDARD = gnu11;
				GENERATE_INFOPLIST_FILE = YES;
				INFOPLIST_FILE = ../targets/ActivityMonitorExtension/Info.plist;
				INFOPLIST_KEY_CFBundleDisplayName = ActivityMonitorExtension;
				INFOPLIST_KEY_NSHumanReadableCopyright = "";
				IPHONEOS_DEPLOYMENT_TARGET = 18.0;
				LD_RUNPATH_SEARCH_PATHS = (
					"$(inherited)",
					"@executable_path/Frameworks",
					"@executable_path/../../Frameworks",
				);
				MARKETING_VERSION = 1.0.0;
				MTL_ENABLE_DEBUG_INFO = INCLUDE_SOURCE;
				MTL_FAST_MATH = YES;
				OTHER_SWIFT_FLAGS = "$(inherited) -D EXPO_CONFIGURATION_DEBUG";
				PRODUCT_BUNDLE_IDENTIFIER = expo.modules.deviceactivity.example.ActivityMonitorExtension;
				PRODUCT_NAME = "$(TARGET_NAME)";
				REACT_NATIVE_DEVICE_ACTIVITY_APP_GROUP = group.ActivityMonitor;
				SKIP_INSTALL = YES;
				SWIFT_ACTIVE_COMPILATION_CONDITIONS = DEBUG;
				SWIFT_COMPILATION_MODE = wholemodule;
				SWIFT_EMIT_LOC_STRINGS = YES;
				SWIFT_OPTIMIZATION_LEVEL = "-Onone";
				TARGETED_DEVICE_FAMILY = "1,2";
			};
			name = Debug;
		};
		XX79801B28DADF2990F191XX /* Release */ = {
			isa = XCBuildConfiguration;
			buildSettings = {
				CLANG_ANALYZER_NONNULL = YES;
				CLANG_ANALYZER_NUMBER_OBJECT_CONVERSION = YES_AGGRESSIVE;
				CLANG_CXX_LANGUAGE_STANDARD = "gnu++20";
				CLANG_ENABLE_OBJC_WEAK = YES;
				CLANG_WARN_DOCUMENTATION_COMMENTS = YES;
				CLANG_WARN_QUOTED_INCLUDE_IN_FRAMEWORK_HEADER = YES;
				CLANG_WARN_UNGUARDED_AVAILABILITY = YES_AGGRESSIVE;
				CODE_SIGN_ENTITLEMENTS = ../targets/ShieldConfiguration/generated.entitlements;
				CODE_SIGN_STYLE = Automatic;
				COPY_PHASE_STRIP = NO;
				CURRENT_PROJECT_VERSION = 1;
				DEBUG_INFORMATION_FORMAT = "dwarf-with-dsym";
				DEVELOPMENT_TEAM = 34SE8X7Q58;
				GCC_C_LANGUAGE_STANDARD = gnu11;
				GENERATE_INFOPLIST_FILE = YES;
				INFOPLIST_FILE = ../targets/ShieldConfiguration/Info.plist;
				INFOPLIST_KEY_CFBundleDisplayName = ShieldConfiguration;
				INFOPLIST_KEY_NSHumanReadableCopyright = "";
				IPHONEOS_DEPLOYMENT_TARGET = 18.0;
				LD_RUNPATH_SEARCH_PATHS = (
					"$(inherited)",
					"@executable_path/Frameworks",
					"@executable_path/../../Frameworks",
				);
				MARKETING_VERSION = 1.0.0;
				MTL_FAST_MATH = YES;
				OTHER_SWIFT_FLAGS = "$(inherited) -D EXPO_CONFIGURATION_RELEASE";
				PRODUCT_BUNDLE_IDENTIFIER = expo.modules.deviceactivity.example.ShieldConfiguration;
				PRODUCT_NAME = "$(TARGET_NAME)";
				REACT_NATIVE_DEVICE_ACTIVITY_APP_GROUP = group.ActivityMonitor;
				SKIP_INSTALL = YES;
				SWIFT_COMPILATION_MODE = wholemodule;
				SWIFT_EMIT_LOC_STRINGS = YES;
				SWIFT_OPTIMIZATION_LEVEL = "-O";
				TARGETED_DEVICE_FAMILY = "1,2";
			};
			name = Release;
		};
		XX9C93C1671DAD0750CE19XX /* Debug */ = {
			isa = XCBuildConfiguration;
			buildSettings = {
				CLANG_ANALYZER_NONNULL = YES;
				CLANG_ANALYZER_NUMBER_OBJECT_CONVERSION = YES_AGGRESSIVE;
				CLANG_CXX_LANGUAGE_STANDARD = "gnu++20";
				CLANG_ENABLE_OBJC_WEAK = YES;
				CLANG_WARN_DOCUMENTATION_COMMENTS = YES;
				CLANG_WARN_QUOTED_INCLUDE_IN_FRAMEWORK_HEADER = YES;
				CLANG_WARN_UNGUARDED_AVAILABILITY = YES_AGGRESSIVE;
				CODE_SIGN_ENTITLEMENTS = ../targets/ShieldConfiguration/generated.entitlements;
				CODE_SIGN_STYLE = Automatic;
				COPY_PHASE_STRIP = NO;
				CURRENT_PROJECT_VERSION = 1;
				DEBUG_INFORMATION_FORMAT = dwarf;
				DEVELOPMENT_TEAM = 34SE8X7Q58;
				GCC_C_LANGUAGE_STANDARD = gnu11;
				GENERATE_INFOPLIST_FILE = YES;
				INFOPLIST_FILE = ../targets/ShieldConfiguration/Info.plist;
				INFOPLIST_KEY_CFBundleDisplayName = ShieldConfiguration;
				INFOPLIST_KEY_NSHumanReadableCopyright = "";
				IPHONEOS_DEPLOYMENT_TARGET = 18.0;
				LD_RUNPATH_SEARCH_PATHS = (
					"$(inherited)",
					"@executable_path/Frameworks",
					"@executable_path/../../Frameworks",
				);
				MARKETING_VERSION = 1.0.0;
				MTL_ENABLE_DEBUG_INFO = INCLUDE_SOURCE;
				MTL_FAST_MATH = YES;
				OTHER_SWIFT_FLAGS = "$(inherited) -D EXPO_CONFIGURATION_DEBUG";
				PRODUCT_BUNDLE_IDENTIFIER = expo.modules.deviceactivity.example.ShieldConfiguration;
				PRODUCT_NAME = "$(TARGET_NAME)";
				REACT_NATIVE_DEVICE_ACTIVITY_APP_GROUP = group.ActivityMonitor;
				SKIP_INSTALL = YES;
				SWIFT_ACTIVE_COMPILATION_CONDITIONS = DEBUG;
				SWIFT_COMPILATION_MODE = wholemodule;
				SWIFT_EMIT_LOC_STRINGS = YES;
				SWIFT_OPTIMIZATION_LEVEL = "-Onone";
				TARGETED_DEVICE_FAMILY = "1,2";
			};
			name = Debug;
		};
		XXAE7A89F4FD7D2298297CXX /* Release */ = {
			isa = XCBuildConfiguration;
			buildSettings = {
				CLANG_ANALYZER_NONNULL = YES;
				CLANG_ANALYZER_NUMBER_OBJECT_CONVERSION = YES_AGGRESSIVE;
				CLANG_CXX_LANGUAGE_STANDARD = "gnu++20";
				CLANG_ENABLE_OBJC_WEAK = YES;
				CLANG_WARN_DOCUMENTATION_COMMENTS = YES;
				CLANG_WARN_QUOTED_INCLUDE_IN_FRAMEWORK_HEADER = YES;
				CLANG_WARN_UNGUARDED_AVAILABILITY = YES_AGGRESSIVE;
				CODE_SIGN_ENTITLEMENTS = ../targets/ActivityMonitorExtension/generated.entitlements;
				CODE_SIGN_STYLE = Automatic;
				COPY_PHASE_STRIP = NO;
				CURRENT_PROJECT_VERSION = 1;
				DEBUG_INFORMATION_FORMAT = "dwarf-with-dsym";
				DEVELOPMENT_TEAM = 34SE8X7Q58;
				GCC_C_LANGUAGE_STANDARD = gnu11;
				GENERATE_INFOPLIST_FILE = YES;
				INFOPLIST_FILE = ../targets/ActivityMonitorExtension/Info.plist;
				INFOPLIST_KEY_CFBundleDisplayName = ActivityMonitorExtension;
				INFOPLIST_KEY_NSHumanReadableCopyright = "";
				IPHONEOS_DEPLOYMENT_TARGET = 18.0;
				LD_RUNPATH_SEARCH_PATHS = (
					"$(inherited)",
					"@executable_path/Frameworks",
					"@executable_path/../../Frameworks",
				);
				MARKETING_VERSION = 1.0.0;
				MTL_FAST_MATH = YES;
				OTHER_SWIFT_FLAGS = "$(inherited) -D EXPO_CONFIGURATION_RELEASE";
				PRODUCT_BUNDLE_IDENTIFIER = expo.modules.deviceactivity.example.ActivityMonitorExtension;
				PRODUCT_NAME = "$(TARGET_NAME)";
				REACT_NATIVE_DEVICE_ACTIVITY_APP_GROUP = group.ActivityMonitor;
				SKIP_INSTALL = YES;
				SWIFT_COMPILATION_MODE = wholemodule;
				SWIFT_EMIT_LOC_STRINGS = YES;
				SWIFT_OPTIMIZATION_LEVEL = "-O";
				TARGETED_DEVICE_FAMILY = "1,2";
			};
			name = Release;
		};
		XXD1169F79EA1BE6030601XX /* Debug */ = {
			isa = XCBuildConfiguration;
			buildSettings = {
				CLANG_ANALYZER_NONNULL = YES;
				CLANG_ANALYZER_NUMBER_OBJECT_CONVERSION = YES_AGGRESSIVE;
				CLANG_CXX_LANGUAGE_STANDARD = "gnu++20";
				CLANG_ENABLE_OBJC_WEAK = YES;
				CLANG_WARN_DOCUMENTATION_COMMENTS = YES;
				CLANG_WARN_QUOTED_INCLUDE_IN_FRAMEWORK_HEADER = YES;
				CLANG_WARN_UNGUARDED_AVAILABILITY = YES_AGGRESSIVE;
				CODE_SIGN_ENTITLEMENTS = ../targets/ShieldAction/generated.entitlements;
				CODE_SIGN_STYLE = Automatic;
				COPY_PHASE_STRIP = NO;
				CURRENT_PROJECT_VERSION = 1;
				DEBUG_INFORMATION_FORMAT = dwarf;
				DEVELOPMENT_TEAM = 34SE8X7Q58;
				GCC_C_LANGUAGE_STANDARD = gnu11;
				GENERATE_INFOPLIST_FILE = YES;
				INFOPLIST_FILE = ../targets/ShieldAction/Info.plist;
				INFOPLIST_KEY_CFBundleDisplayName = ShieldAction;
				INFOPLIST_KEY_NSHumanReadableCopyright = "";
				IPHONEOS_DEPLOYMENT_TARGET = 18.0;
				LD_RUNPATH_SEARCH_PATHS = (
					"$(inherited)",
					"@executable_path/Frameworks",
					"@executable_path/../../Frameworks",
				);
				MARKETING_VERSION = 1.0.0;
				MTL_ENABLE_DEBUG_INFO = INCLUDE_SOURCE;
				MTL_FAST_MATH = YES;
				NEW_SETTING = "";
				OTHER_SWIFT_FLAGS = "$(inherited) -D EXPO_CONFIGURATION_DEBUG";
				PRODUCT_BUNDLE_IDENTIFIER = expo.modules.deviceactivity.example.ShieldAction;
				PRODUCT_NAME = "$(TARGET_NAME)";
				REACT_NATIVE_DEVICE_ACTIVITY_APP_GROUP = group.ActivityMonitor;
				SKIP_INSTALL = YES;
				SWIFT_ACTIVE_COMPILATION_CONDITIONS = DEBUG;
				SWIFT_COMPILATION_MODE = wholemodule;
				SWIFT_EMIT_LOC_STRINGS = YES;
				SWIFT_OPTIMIZATION_LEVEL = "-Onone";
				TARGETED_DEVICE_FAMILY = "1,2";
			};
			name = Debug;
		};
/* End XCBuildConfiguration section */

/* Begin XCConfigurationList section */
		13B07F931A680F5B00A75B9A /* Build configuration list for PBXNativeTarget "reactnativedeviceactivityexample" */ = {
			isa = XCConfigurationList;
			buildConfigurations = (
				13B07F941A680F5B00A75B9A /* Debug */,
				13B07F951A680F5B00A75B9A /* Release */,
			);
			defaultConfigurationIsVisible = 0;
			defaultConfigurationName = Release;
		};
		83CBB9FA1A601CBA00E9B192 /* Build configuration list for PBXProject "reactnativedeviceactivityexample" */ = {
			isa = XCConfigurationList;
			buildConfigurations = (
				83CBBA201A601CBA00E9B192 /* Debug */,
				83CBBA211A601CBA00E9B192 /* Release */,
			);
			defaultConfigurationIsVisible = 0;
			defaultConfigurationName = Release;
		};
		A9A030792CFF142000D9E7E8 /* Build configuration list for PBXNativeTarget "Tests" */ = {
			isa = XCConfigurationList;
			buildConfigurations = (
				A9A030772CFF142000D9E7E8 /* Debug */,
				A9A030782CFF142000D9E7E8 /* Release */,
			);
			defaultConfigurationIsVisible = 0;
			defaultConfigurationName = Release;
		};
		XX2FE62DA24018D18B6DFDXX /* Build configuration list for PBXNativeTarget "ActivityMonitorExtension" */ = {
			isa = XCConfigurationList;
			buildConfigurations = (
				XX724BBE6F77538C7FD8E0XX /* Debug */,
				XXAE7A89F4FD7D2298297CXX /* Release */,
			);
			defaultConfigurationIsVisible = 0;
			defaultConfigurationName = Release;
		};
		XXA80D9B0E76C23E6EB489XX /* Build configuration list for PBXNativeTarget "ShieldConfiguration" */ = {
			isa = XCConfigurationList;
			buildConfigurations = (
				XX9C93C1671DAD0750CE19XX /* Debug */,
				XX79801B28DADF2990F191XX /* Release */,
			);
			defaultConfigurationIsVisible = 0;
			defaultConfigurationName = Release;
		};
		XXE0C7376B08BE7CD8053CXX /* Build configuration list for PBXNativeTarget "ShieldAction" */ = {
			isa = XCConfigurationList;
			buildConfigurations = (
				XXD1169F79EA1BE6030601XX /* Debug */,
				XX2B9E060A37CDC639FD37XX /* Release */,
			);
			defaultConfigurationIsVisible = 0;
			defaultConfigurationName = Release;
		};
/* End XCConfigurationList section */
	};
	rootObject = 83CBB9F71A601CBA00E9B192 /* Project object */;
}
